
Microsoft Visual Studio Solution File, Format Version 12.00
# Visual Studio 15
VisualStudioVersion = 15.0.27428.2037
MinimumVisualStudioVersion = 10.0.40219.1
Project("{9A19103F-16F7-4668-BE54-9A1E7A4F7556}") = "BeeHive", "src\BeeHive\BeeHive.csproj", "{3E0F3470-EAE7-4A78-9822-52F57DCDDE9B}"
EndProject
Project("{2150E333-8FDC-42A3-9474-1A3956D46DE8}") = "src", "src", "{8241C829-3DB9-4BDD-9679-CA3CBE02AD88}"
EndProject
Project("{2150E333-8FDC-42A3-9474-1A3956D46DE8}") = "test", "test", "{CA4AD0CC-7D16-4AE3-BDF7-0356837347F6}"
EndProject
Project("{2150E333-8FDC-42A3-9474-1A3956D46DE8}") = "tools", "tools", "{4BF806CF-B387-479F-8FEF-357931374562}"
EndProject
Project("{9A19103F-16F7-4668-BE54-9A1E7A4F7556}") = "BeeHive.DataStructures", "src\BeeHive.DataStructures\BeeHive.DataStructures.csproj", "{5677EAF1-81E4-46BB-B99C-D0CCEB740411}"
EndProject
Project("{9A19103F-16F7-4668-BE54-9A1E7A4F7556}") = "BeeHive.ServiceLocator.Windsor", "src\BeeHive.ServiceLocator.Windsor\BeeHive.ServiceLocator.Windsor.csproj", "{641FA5C8-0D0B-4DDB-9AB6-940BA158F130}"
EndProject
Project("{9A19103F-16F7-4668-BE54-9A1E7A4F7556}") = "BeeHive.Azure", "src\BeeHive.Azure\BeeHive.Azure.csproj", "{2FAA2B51-9423-4575-9EFF-CDCCFE5F49A9}"
EndProject
Global
	GlobalSection(SolutionConfigurationPlatforms) = preSolution
		Debug|Any CPU = Debug|Any CPU
		Release|Any CPU = Release|Any CPU
	EndGlobalSection
	GlobalSection(ProjectConfigurationPlatforms) = postSolution
		{3E0F3470-EAE7-4A78-9822-52F57DCDDE9B}.Debug|Any CPU.ActiveCfg = Debug|Any CPU
		{3E0F3470-EAE7-4A78-9822-52F57DCDDE9B}.Debug|Any CPU.Build.0 = Debug|Any CPU
		{3E0F3470-EAE7-4A78-9822-52F57DCDDE9B}.Release|Any CPU.ActiveCfg = Release|Any CPU
		{3E0F3470-EAE7-4A78-9822-52F57DCDDE9B}.Release|Any CPU.Build.0 = Release|Any CPU
		{5677EAF1-81E4-46BB-B99C-D0CCEB740411}.Debug|Any CPU.ActiveCfg = Debug|Any CPU
		{5677EAF1-81E4-46BB-B99C-D0CCEB740411}.Debug|Any CPU.Build.0 = Debug|Any CPU
		{5677EAF1-81E4-46BB-B99C-D0CCEB740411}.Release|Any CPU.ActiveCfg = Release|Any CPU
		{5677EAF1-81E4-46BB-B99C-D0CCEB740411}.Release|Any CPU.Build.0 = Release|Any CPU
		{641FA5C8-0D0B-4DDB-9AB6-940BA158F130}.Debug|Any CPU.ActiveCfg = Debug|Any CPU
		{641FA5C8-0D0B-4DDB-9AB6-940BA158F130}.Debug|Any CPU.Build.0 = Debug|Any CPU
		{641FA5C8-0D0B-4DDB-9AB6-940BA158F130}.Release|Any CPU.ActiveCfg = Release|Any CPU
		{641FA5C8-0D0B-4DDB-9AB6-940BA158F130}.Release|Any CPU.Build.0 = Release|Any CPU
		{2FAA2B51-9423-4575-9EFF-CDCCFE5F49A9}.Debug|Any CPU.ActiveCfg = Debug|Any CPU
		{2FAA2B51-9423-4575-9EFF-CDCCFE5F49A9}.Debug|Any CPU.Build.0 = Debug|Any CPU
		{2FAA2B51-9423-4575-9EFF-CDCCFE5F49A9}.Release|Any CPU.ActiveCfg = Release|Any CPU
		{2FAA2B51-9423-4575-9EFF-CDCCFE5F49A9}.Release|Any CPU.Build.0 = Release|Any CPU
	EndGlobalSection
	GlobalSection(SolutionProperties) = preSolution
		HideSolutionNode = FALSE
	EndGlobalSection
	GlobalSection(NestedProjects) = preSolution
		{3E0F3470-EAE7-4A78-9822-52F57DCDDE9B} = {8241C829-3DB9-4BDD-9679-CA3CBE02AD88}
		{5677EAF1-81E4-46BB-B99C-D0CCEB740411} = {8241C829-3DB9-4BDD-9679-CA3CBE02AD88}
		{641FA5C8-0D0B-4DDB-9AB6-940BA158F130} = {8241C829-3DB9-4BDD-9679-CA3CBE02AD88}
		{2FAA2B51-9423-4575-9EFF-CDCCFE5F49A9} = {8241C829-3DB9-4BDD-9679-CA3CBE02AD88}
	EndGlobalSection
	GlobalSection(ExtensibilityGlobals) = postSolution
		SolutionGuid = {5373A954-A876-4848-AB7D-20F5CE680949}
	EndGlobalSection
EndGlobal
