
Microsoft Visual Studio Solution File, Format Version 12.00
# Visual Studio 2013
VisualStudioVersion = 12.0.30501.0
MinimumVisualStudioVersion = 10.0.40219.1
Project("{FAE04EC0-301F-11D3-BF4B-00C04F79EFBC}") = "BeeHive", "src\BeeHive\BeeHive.csproj", "{3E0F3470-EAE7-4A78-9822-52F57DCDDE9B}"
EndProject
Project("{FAE04EC0-301F-11D3-BF4B-00C04F79EFBC}") = "BeeHive.Tests", "Test\BeeHive.Tests\BeeHive.Tests.csproj", "{0FC64A3D-D3CB-44A1-8186-FD3FAF7A7746}"
EndProject
Project("{2150E333-8FDC-42A3-9474-1A3956D46DE8}") = ".nuget", ".nuget", "{679BB213-A405-41A3-9667-D32E072C3E07}"
	ProjectSection(SolutionItems) = preProject
		.nuget\NuGet.Config = .nuget\NuGet.Config
	EndProjectSection
EndProject
Project("{FAE04EC0-301F-11D3-BF4B-00C04F79EFBC}") = "BeeHive.Azure", "src\BeeHive.Azure\BeeHive.Azure.csproj", "{22E3FC77-78CD-4910-9D27-7494A15A8916}"
EndProject
Project("{2150E333-8FDC-42A3-9474-1A3956D46DE8}") = "Common", "Common", "{7FF948EB-6ACC-4CF0-8B65-D57338BDF4A3}"
	ProjectSection(SolutionItems) = preProject
		src\Common\CommonAssemblyInfo.cs = src\Common\CommonAssemblyInfo.cs
	EndProjectSection
EndProject
Project("{FAE04EC0-301F-11D3-BF4B-00C04F79EFBC}") = "BeeHive.ServiceLocator.Windsor", "src\BeeHive.ServiceLocator.Windsor\BeeHive.ServiceLocator.Windsor.csproj", "{DF541A72-6628-4926-80B9-7756E035F7ED}"
EndProject
Project("{FAE04EC0-301F-11D3-BF4B-00C04F79EFBC}") = "BeeHive.DataStructures", "src\BeeHive.DataStructures\BeeHive.DataStructures.csproj", "{6EE378AE-C8C0-44B2-AA9A-711FAADA4E9C}"
EndProject
Project("{FAE04EC0-301F-11D3-BF4B-00C04F79EFBC}") = "BeeHive.Azure.Tests", "test\BeeHive.Azure.Tests\BeeHive.Azure.Tests.csproj", "{2B8283D9-F03A-4531-AA64-285DFABAB786}"
EndProject
Project("{FAE04EC0-301F-11D3-BF4B-00C04F79EFBC}") = "BeeHive.ServiceLocator.Windsor.Tests", "test\BeeHive.ServiceLocator.Windsor.Tests\BeeHive.ServiceLocator.Windsor.Tests.csproj", "{8C8008E2-75CA-4F43-92A2-5F3DBA8082DA}"
EndProject
Project("{2150E333-8FDC-42A3-9474-1A3956D46DE8}") = "src", "src", "{8241C829-3DB9-4BDD-9679-CA3CBE02AD88}"
EndProject
Project("{2150E333-8FDC-42A3-9474-1A3956D46DE8}") = "test", "test", "{CA4AD0CC-7D16-4AE3-BDF7-0356837347F6}"
EndProject
Global
	GlobalSection(SolutionConfigurationPlatforms) = preSolution
		Debug|Any CPU = Debug|Any CPU
		Release|Any CPU = Release|Any CPU
	EndGlobalSection
	GlobalSection(ProjectConfigurationPlatforms) = postSolution
		{3E0F3470-EAE7-4A78-9822-52F57DCDDE9B}.Debug|Any CPU.ActiveCfg = Debug|Any CPU
		{3E0F3470-EAE7-4A78-9822-52F57DCDDE9B}.Debug|Any CPU.Build.0 = Debug|Any CPU
		{3E0F3470-EAE7-4A78-9822-52F57DCDDE9B}.Release|Any CPU.ActiveCfg = Release|Any CPU
		{3E0F3470-EAE7-4A78-9822-52F57DCDDE9B}.Release|Any CPU.Build.0 = Release|Any CPU
		{0FC64A3D-D3CB-44A1-8186-FD3FAF7A7746}.Debug|Any CPU.ActiveCfg = Debug|Any CPU
		{0FC64A3D-D3CB-44A1-8186-FD3FAF7A7746}.Debug|Any CPU.Build.0 = Debug|Any CPU
		{0FC64A3D-D3CB-44A1-8186-FD3FAF7A7746}.Release|Any CPU.ActiveCfg = Release|Any CPU
		{0FC64A3D-D3CB-44A1-8186-FD3FAF7A7746}.Release|Any CPU.Build.0 = Release|Any CPU
		{22E3FC77-78CD-4910-9D27-7494A15A8916}.Debug|Any CPU.ActiveCfg = Debug|Any CPU
		{22E3FC77-78CD-4910-9D27-7494A15A8916}.Debug|Any CPU.Build.0 = Debug|Any CPU
		{22E3FC77-78CD-4910-9D27-7494A15A8916}.Release|Any CPU.ActiveCfg = Release|Any CPU
		{22E3FC77-78CD-4910-9D27-7494A15A8916}.Release|Any CPU.Build.0 = Release|Any CPU
		{DF541A72-6628-4926-80B9-7756E035F7ED}.Debug|Any CPU.ActiveCfg = Debug|Any CPU
		{DF541A72-6628-4926-80B9-7756E035F7ED}.Debug|Any CPU.Build.0 = Debug|Any CPU
		{DF541A72-6628-4926-80B9-7756E035F7ED}.Release|Any CPU.ActiveCfg = Release|Any CPU
		{DF541A72-6628-4926-80B9-7756E035F7ED}.Release|Any CPU.Build.0 = Release|Any CPU
		{6EE378AE-C8C0-44B2-AA9A-711FAADA4E9C}.Debug|Any CPU.ActiveCfg = Debug|Any CPU
		{6EE378AE-C8C0-44B2-AA9A-711FAADA4E9C}.Debug|Any CPU.Build.0 = Debug|Any CPU
		{6EE378AE-C8C0-44B2-AA9A-711FAADA4E9C}.Release|Any CPU.ActiveCfg = Release|Any CPU
		{6EE378AE-C8C0-44B2-AA9A-711FAADA4E9C}.Release|Any CPU.Build.0 = Release|Any CPU
		{2B8283D9-F03A-4531-AA64-285DFABAB786}.Debug|Any CPU.ActiveCfg = Debug|Any CPU
		{2B8283D9-F03A-4531-AA64-285DFABAB786}.Debug|Any CPU.Build.0 = Debug|Any CPU
		{2B8283D9-F03A-4531-AA64-285DFABAB786}.Release|Any CPU.ActiveCfg = Release|Any CPU
		{2B8283D9-F03A-4531-AA64-285DFABAB786}.Release|Any CPU.Build.0 = Release|Any CPU
		{8C8008E2-75CA-4F43-92A2-5F3DBA8082DA}.Debug|Any CPU.ActiveCfg = Debug|Any CPU
		{8C8008E2-75CA-4F43-92A2-5F3DBA8082DA}.Debug|Any CPU.Build.0 = Debug|Any CPU
		{8C8008E2-75CA-4F43-92A2-5F3DBA8082DA}.Release|Any CPU.ActiveCfg = Release|Any CPU
		{8C8008E2-75CA-4F43-92A2-5F3DBA8082DA}.Release|Any CPU.Build.0 = Release|Any CPU
	EndGlobalSection
	GlobalSection(SolutionProperties) = preSolution
		HideSolutionNode = FALSE
	EndGlobalSection
	GlobalSection(NestedProjects) = preSolution
		{3E0F3470-EAE7-4A78-9822-52F57DCDDE9B} = {8241C829-3DB9-4BDD-9679-CA3CBE02AD88}
		{0FC64A3D-D3CB-44A1-8186-FD3FAF7A7746} = {CA4AD0CC-7D16-4AE3-BDF7-0356837347F6}
		{22E3FC77-78CD-4910-9D27-7494A15A8916} = {8241C829-3DB9-4BDD-9679-CA3CBE02AD88}
		{DF541A72-6628-4926-80B9-7756E035F7ED} = {8241C829-3DB9-4BDD-9679-CA3CBE02AD88}
		{6EE378AE-C8C0-44B2-AA9A-711FAADA4E9C} = {8241C829-3DB9-4BDD-9679-CA3CBE02AD88}
		{2B8283D9-F03A-4531-AA64-285DFABAB786} = {CA4AD0CC-7D16-4AE3-BDF7-0356837347F6}
		{8C8008E2-75CA-4F43-92A2-5F3DBA8082DA} = {CA4AD0CC-7D16-4AE3-BDF7-0356837347F6}
	EndGlobalSection
EndGlobal
