
Microsoft Visual Studio Solution File, Format Version 12.00
# Visual Studio 2013
VisualStudioVersion = 12.0.21005.1
MinimumVisualStudioVersion = 10.0.40219.1
Project("{FAE04EC0-301F-11D3-BF4B-00C04F79EFBC}") = "BeeHive", "src\BeeHive\BeeHive.csproj", "{3E0F3470-EAE7-4A78-9822-52F57DCDDE9B}"
EndProject
Project("{FAE04EC0-301F-11D3-BF4B-00C04F79EFBC}") = "BeeHive.Tests", "Test\BeeHive.Tests\BeeHive.Tests.csproj", "{0FC64A3D-D3CB-44A1-8186-FD3FAF7A7746}"
EndProject
Project("{2150E333-8FDC-42A3-9474-1A3956D46DE8}") = ".nuget", ".nuget", "{679BB213-A405-41A3-9667-D32E072C3E07}"
	ProjectSection(SolutionItems) = preProject
		.nuget\NuGet.Config = .nuget\NuGet.Config
		.nuget\NuGet.exe = .nuget\NuGet.exe
		.nuget\NuGet.targets = .nuget\NuGet.targets
	EndProjectSection
EndProject
Project("{CC5FD16D-436D-48AD-A40C-5A424C6E3E79}") = "BeeHive.Demo", "demo\BeeHive.Demo\BeeHive.Demo.ccproj", "{B8494FC9-90F6-4233-AEE1-A097A5839F3A}"
EndProject
Project("{FAE04EC0-301F-11D3-BF4B-00C04F79EFBC}") = "BeeHive.Demo.Worker", "BeeHive.Demo.Worker\BeeHive.Demo.Worker.csproj", "{B72D6593-7000-4A75-B21E-A6E5B6440488}"
EndProject
Project("{FAE04EC0-301F-11D3-BF4B-00C04F79EFBC}") = "BeeHive.ConsoleDemo", "demo\BeeHive.ConsoleDemo\BeeHive.ConsoleDemo.csproj", "{7F3CC482-F4B0-4E3E-BDDD-8CC352939FB3}"
EndProject
Project("{FAE04EC0-301F-11D3-BF4B-00C04F79EFBC}") = "BeeHive.Demo.PrismoEcommerce", "demo\BeeHive.Demo.PrismoEcommerce\BeeHive.Demo.PrismoEcommerce.csproj", "{3A33ACB5-6752-4429-88FC-C15D245EC79E}"
EndProject
Project("{FAE04EC0-301F-11D3-BF4B-00C04F79EFBC}") = "BeeHive.Azure", "src\BeeHive.Azure\BeeHive.Azure.csproj", "{22E3FC77-78CD-4910-9D27-7494A15A8916}"
EndProject
Project("{2150E333-8FDC-42A3-9474-1A3956D46DE8}") = "Common", "Common", "{7FF948EB-6ACC-4CF0-8B65-D57338BDF4A3}"
	ProjectSection(SolutionItems) = preProject
		src\Common\CommonAssemblyInfo.cs = src\Common\CommonAssemblyInfo.cs
	EndProjectSection
EndProject
Project("{FAE04EC0-301F-11D3-BF4B-00C04F79EFBC}") = "BeeHive.ServiceLocator.Windsor", "src\BeeHive.ServiceLocator.Windsor\BeeHive.ServiceLocator.Windsor.csproj", "{DF541A72-6628-4926-80B9-7756E035F7ED}"
EndProject
Project("{FAE04EC0-301F-11D3-BF4B-00C04F79EFBC}") = "BeeHive.DataStructures", "src\BeeHive.DataStructures\BeeHive.DataStructures.csproj", "{6EE378AE-C8C0-44B2-AA9A-711FAADA4E9C}"
EndProject
Project("{FAE04EC0-301F-11D3-BF4B-00C04F79EFBC}") = "BeeHive.Azure.Tests", "test\BeeHive.Azure.Tests\BeeHive.Azure.Tests.csproj", "{2B8283D9-F03A-4531-AA64-285DFABAB786}"
EndProject
Project("{2150E333-8FDC-42A3-9474-1A3956D46DE8}") = "Azure", "Azure", "{D00F5418-005E-4715-8CA9-355653EAC06A}"
EndProject
Project("{2150E333-8FDC-42A3-9474-1A3956D46DE8}") = "Implementations", "Implementations", "{E43C1BB2-3C5E-4705-93B3-06867E029084}"
EndProject
Project("{2150E333-8FDC-42A3-9474-1A3956D46DE8}") = "Windsor", "Windsor", "{76BB46AE-F6BB-4006-BABB-D3797316C480}"
EndProject
Project("{2150E333-8FDC-42A3-9474-1A3956D46DE8}") = "Demos", "Demos", "{8049578D-670B-4D1D-9F9B-568C6D171F10}"
EndProject
Project("{FAE04EC0-301F-11D3-BF4B-00C04F79EFBC}") = "BeeHive.ServiceLocator.Unity", "BeeHive.ServiceLocator.Unity\BeeHive.ServiceLocator.Unity.csproj", "{113931B1-1FF3-491A-B9DC-1D6609E3A76A}"
EndProject
Project("{2150E333-8FDC-42A3-9474-1A3956D46DE8}") = "Unity", "Unity", "{45100DAB-AC4D-4E0D-9783-1210F38E480A}"
EndProject
Global
	GlobalSection(SolutionConfigurationPlatforms) = preSolution
		Debug|Any CPU = Debug|Any CPU
		Release|Any CPU = Release|Any CPU
	EndGlobalSection
	GlobalSection(ProjectConfigurationPlatforms) = postSolution
		{3E0F3470-EAE7-4A78-9822-52F57DCDDE9B}.Debug|Any CPU.ActiveCfg = Debug|Any CPU
		{3E0F3470-EAE7-4A78-9822-52F57DCDDE9B}.Debug|Any CPU.Build.0 = Debug|Any CPU
		{3E0F3470-EAE7-4A78-9822-52F57DCDDE9B}.Release|Any CPU.ActiveCfg = Release|Any CPU
		{3E0F3470-EAE7-4A78-9822-52F57DCDDE9B}.Release|Any CPU.Build.0 = Release|Any CPU
		{0FC64A3D-D3CB-44A1-8186-FD3FAF7A7746}.Debug|Any CPU.ActiveCfg = Debug|Any CPU
		{0FC64A3D-D3CB-44A1-8186-FD3FAF7A7746}.Debug|Any CPU.Build.0 = Debug|Any CPU
		{0FC64A3D-D3CB-44A1-8186-FD3FAF7A7746}.Release|Any CPU.ActiveCfg = Release|Any CPU
		{0FC64A3D-D3CB-44A1-8186-FD3FAF7A7746}.Release|Any CPU.Build.0 = Release|Any CPU
		{B8494FC9-90F6-4233-AEE1-A097A5839F3A}.Debug|Any CPU.ActiveCfg = Debug|Any CPU
		{B8494FC9-90F6-4233-AEE1-A097A5839F3A}.Debug|Any CPU.Build.0 = Debug|Any CPU
		{B8494FC9-90F6-4233-AEE1-A097A5839F3A}.Release|Any CPU.ActiveCfg = Release|Any CPU
		{B8494FC9-90F6-4233-AEE1-A097A5839F3A}.Release|Any CPU.Build.0 = Release|Any CPU
		{B72D6593-7000-4A75-B21E-A6E5B6440488}.Debug|Any CPU.ActiveCfg = Debug|Any CPU
		{B72D6593-7000-4A75-B21E-A6E5B6440488}.Debug|Any CPU.Build.0 = Debug|Any CPU
		{B72D6593-7000-4A75-B21E-A6E5B6440488}.Release|Any CPU.ActiveCfg = Release|Any CPU
		{B72D6593-7000-4A75-B21E-A6E5B6440488}.Release|Any CPU.Build.0 = Release|Any CPU
		{7F3CC482-F4B0-4E3E-BDDD-8CC352939FB3}.Debug|Any CPU.ActiveCfg = Debug|Any CPU
		{7F3CC482-F4B0-4E3E-BDDD-8CC352939FB3}.Debug|Any CPU.Build.0 = Debug|Any CPU
		{7F3CC482-F4B0-4E3E-BDDD-8CC352939FB3}.Release|Any CPU.ActiveCfg = Release|Any CPU
		{7F3CC482-F4B0-4E3E-BDDD-8CC352939FB3}.Release|Any CPU.Build.0 = Release|Any CPU
		{3A33ACB5-6752-4429-88FC-C15D245EC79E}.Debug|Any CPU.ActiveCfg = Debug|Any CPU
		{3A33ACB5-6752-4429-88FC-C15D245EC79E}.Debug|Any CPU.Build.0 = Debug|Any CPU
		{3A33ACB5-6752-4429-88FC-C15D245EC79E}.Release|Any CPU.ActiveCfg = Release|Any CPU
		{3A33ACB5-6752-4429-88FC-C15D245EC79E}.Release|Any CPU.Build.0 = Release|Any CPU
		{22E3FC77-78CD-4910-9D27-7494A15A8916}.Debug|Any CPU.ActiveCfg = Debug|Any CPU
		{22E3FC77-78CD-4910-9D27-7494A15A8916}.Debug|Any CPU.Build.0 = Debug|Any CPU
		{22E3FC77-78CD-4910-9D27-7494A15A8916}.Release|Any CPU.ActiveCfg = Release|Any CPU
		{22E3FC77-78CD-4910-9D27-7494A15A8916}.Release|Any CPU.Build.0 = Release|Any CPU
		{DF541A72-6628-4926-80B9-7756E035F7ED}.Debug|Any CPU.ActiveCfg = Debug|Any CPU
		{DF541A72-6628-4926-80B9-7756E035F7ED}.Debug|Any CPU.Build.0 = Debug|Any CPU
		{DF541A72-6628-4926-80B9-7756E035F7ED}.Release|Any CPU.ActiveCfg = Release|Any CPU
		{DF541A72-6628-4926-80B9-7756E035F7ED}.Release|Any CPU.Build.0 = Release|Any CPU
		{6EE378AE-C8C0-44B2-AA9A-711FAADA4E9C}.Debug|Any CPU.ActiveCfg = Debug|Any CPU
		{6EE378AE-C8C0-44B2-AA9A-711FAADA4E9C}.Debug|Any CPU.Build.0 = Debug|Any CPU
		{6EE378AE-C8C0-44B2-AA9A-711FAADA4E9C}.Release|Any CPU.ActiveCfg = Release|Any CPU
		{6EE378AE-C8C0-44B2-AA9A-711FAADA4E9C}.Release|Any CPU.Build.0 = Release|Any CPU
		{2B8283D9-F03A-4531-AA64-285DFABAB786}.Debug|Any CPU.ActiveCfg = Debug|Any CPU
		{2B8283D9-F03A-4531-AA64-285DFABAB786}.Debug|Any CPU.Build.0 = Debug|Any CPU
		{2B8283D9-F03A-4531-AA64-285DFABAB786}.Release|Any CPU.ActiveCfg = Release|Any CPU
		{2B8283D9-F03A-4531-AA64-285DFABAB786}.Release|Any CPU.Build.0 = Release|Any CPU
		{113931B1-1FF3-491A-B9DC-1D6609E3A76A}.Debug|Any CPU.ActiveCfg = Debug|Any CPU
		{113931B1-1FF3-491A-B9DC-1D6609E3A76A}.Debug|Any CPU.Build.0 = Debug|Any CPU
		{113931B1-1FF3-491A-B9DC-1D6609E3A76A}.Release|Any CPU.ActiveCfg = Release|Any CPU
		{113931B1-1FF3-491A-B9DC-1D6609E3A76A}.Release|Any CPU.Build.0 = Release|Any CPU
	EndGlobalSection
	GlobalSection(SolutionProperties) = preSolution
		HideSolutionNode = FALSE
	EndGlobalSection
	GlobalSection(NestedProjects) = preSolution
		{2B8283D9-F03A-4531-AA64-285DFABAB786} = {D00F5418-005E-4715-8CA9-355653EAC06A}
		{22E3FC77-78CD-4910-9D27-7494A15A8916} = {D00F5418-005E-4715-8CA9-355653EAC06A}
		{D00F5418-005E-4715-8CA9-355653EAC06A} = {E43C1BB2-3C5E-4705-93B3-06867E029084}
		{76BB46AE-F6BB-4006-BABB-D3797316C480} = {E43C1BB2-3C5E-4705-93B3-06867E029084}
		{45100DAB-AC4D-4E0D-9783-1210F38E480A} = {E43C1BB2-3C5E-4705-93B3-06867E029084}
		{DF541A72-6628-4926-80B9-7756E035F7ED} = {76BB46AE-F6BB-4006-BABB-D3797316C480}
		{B8494FC9-90F6-4233-AEE1-A097A5839F3A} = {8049578D-670B-4D1D-9F9B-568C6D171F10}
		{3A33ACB5-6752-4429-88FC-C15D245EC79E} = {8049578D-670B-4D1D-9F9B-568C6D171F10}
		{B72D6593-7000-4A75-B21E-A6E5B6440488} = {8049578D-670B-4D1D-9F9B-568C6D171F10}
		{7F3CC482-F4B0-4E3E-BDDD-8CC352939FB3} = {8049578D-670B-4D1D-9F9B-568C6D171F10}
		{113931B1-1FF3-491A-B9DC-1D6609E3A76A} = {45100DAB-AC4D-4E0D-9783-1210F38E480A}
	EndGlobalSection
EndGlobal
